
Microsoft Visual Studio Solution File, Format Version 12.00
# Visual Studio Version 17
VisualStudioVersion = 17.4.33213.308
MinimumVisualStudioVersion = 10.0.40219.1
Project("{FAE04EC0-301F-11D3-BF4B-00C04F79EFBC}") = "lab07.Android", "lab07\lab07.Android\lab07.Android.csproj", "{127522CD-C9E5-4D55-9995-4832536A1A5C}"
EndProject
Project("{FAE04EC0-301F-11D3-BF4B-00C04F79EFBC}") = "lab07.iOS", "lab07\lab07.iOS\lab07.iOS.csproj", "{006EE28C-166D-4AA0-B92A-6F9F0F05E5B2}"
EndProject
Project("{FAE04EC0-301F-11D3-BF4B-00C04F79EFBC}") = "lab07", "lab07\lab07\lab07.csproj", "{C7373431-380D-4D7D-B9EC-9BDF7FF31631}"
EndProject
Global
	GlobalSection(SolutionConfigurationPlatforms) = preSolution
		Debug|Any CPU = Debug|Any CPU
		Debug|iPhone = Debug|iPhone
		Debug|iPhoneSimulator = Debug|iPhoneSimulator
		Release|Any CPU = Release|Any CPU
		Release|iPhone = Release|iPhone
		Release|iPhoneSimulator = Release|iPhoneSimulator
	EndGlobalSection
	GlobalSection(ProjectConfigurationPlatforms) = postSolution
		{127522CD-C9E5-4D55-9995-4832536A1A5C}.Debug|Any CPU.ActiveCfg = Debug|Any CPU
		{127522CD-C9E5-4D55-9995-4832536A1A5C}.Debug|Any CPU.Build.0 = Debug|Any CPU
		{127522CD-C9E5-4D55-9995-4832536A1A5C}.Debug|Any CPU.Deploy.0 = Debug|Any CPU
		{127522CD-C9E5-4D55-9995-4832536A1A5C}.Debug|iPhone.ActiveCfg = Debug|Any CPU
		{127522CD-C9E5-4D55-9995-4832536A1A5C}.Debug|iPhone.Build.0 = Debug|Any CPU
		{127522CD-C9E5-4D55-9995-4832536A1A5C}.Debug|iPhone.Deploy.0 = Debug|Any CPU
		{127522CD-C9E5-4D55-9995-4832536A1A5C}.Debug|iPhoneSimulator.ActiveCfg = Debug|Any CPU
		{127522CD-C9E5-4D55-9995-4832536A1A5C}.Debug|iPhoneSimulator.Build.0 = Debug|Any CPU
		{127522CD-C9E5-4D55-9995-4832536A1A5C}.Debug|iPhoneSimulator.Deploy.0 = Debug|Any CPU
		{127522CD-C9E5-4D55-9995-4832536A1A5C}.Release|Any CPU.ActiveCfg = Release|Any CPU
		{127522CD-C9E5-4D55-9995-4832536A1A5C}.Release|Any CPU.Build.0 = Release|Any CPU
		{127522CD-C9E5-4D55-9995-4832536A1A5C}.Release|Any CPU.Deploy.0 = Release|Any CPU
		{127522CD-C9E5-4D55-9995-4832536A1A5C}.Release|iPhone.ActiveCfg = Release|Any CPU
		{127522CD-C9E5-4D55-9995-4832536A1A5C}.Release|iPhone.Build.0 = Release|Any CPU
		{127522CD-C9E5-4D55-9995-4832536A1A5C}.Release|iPhone.Deploy.0 = Release|Any CPU
		{127522CD-C9E5-4D55-9995-4832536A1A5C}.Release|iPhoneSimulator.ActiveCfg = Release|Any CPU
		{127522CD-C9E5-4D55-9995-4832536A1A5C}.Release|iPhoneSimulator.Build.0 = Release|Any CPU
		{127522CD-C9E5-4D55-9995-4832536A1A5C}.Release|iPhoneSimulator.Deploy.0 = Release|Any CPU
		{006EE28C-166D-4AA0-B92A-6F9F0F05E5B2}.Debug|Any CPU.ActiveCfg = Debug|iPhone
		{006EE28C-166D-4AA0-B92A-6F9F0F05E5B2}.Debug|Any CPU.Build.0 = Debug|iPhone
		{006EE28C-166D-4AA0-B92A-6F9F0F05E5B2}.Debug|Any CPU.Deploy.0 = Debug|iPhone
		{006EE28C-166D-4AA0-B92A-6F9F0F05E5B2}.Debug|iPhone.ActiveCfg = Debug|iPhone
		{006EE28C-166D-4AA0-B92A-6F9F0F05E5B2}.Debug|iPhone.Build.0 = Debug|iPhone
		{006EE28C-166D-4AA0-B92A-6F9F0F05E5B2}.Debug|iPhone.Deploy.0 = Debug|iPhone
		{006EE28C-166D-4AA0-B92A-6F9F0F05E5B2}.Debug|iPhoneSimulator.ActiveCfg = Debug|iPhoneSimulator
		{006EE28C-166D-4AA0-B92A-6F9F0F05E5B2}.Debug|iPhoneSimulator.Build.0 = Debug|iPhoneSimulator
		{006EE28C-166D-4AA0-B92A-6F9F0F05E5B2}.Debug|iPhoneSimulator.Deploy.0 = Debug|iPhoneSimulator
		{006EE28C-166D-4AA0-B92A-6F9F0F05E5B2}.Release|Any CPU.ActiveCfg = Release|iPhoneSimulator
		{006EE28C-166D-4AA0-B92A-6F9F0F05E5B2}.Release|Any CPU.Build.0 = Release|iPhoneSimulator
		{006EE28C-166D-4AA0-B92A-6F9F0F05E5B2}.Release|Any CPU.Deploy.0 = Release|iPhoneSimulator
		{006EE28C-166D-4AA0-B92A-6F9F0F05E5B2}.Release|iPhone.ActiveCfg = Release|iPhone
		{006EE28C-166D-4AA0-B92A-6F9F0F05E5B2}.Release|iPhone.Build.0 = Release|iPhone
		{006EE28C-166D-4AA0-B92A-6F9F0F05E5B2}.Release|iPhone.Deploy.0 = Release|iPhone
		{006EE28C-166D-4AA0-B92A-6F9F0F05E5B2}.Release|iPhoneSimulator.ActiveCfg = Release|iPhoneSimulator
		{006EE28C-166D-4AA0-B92A-6F9F0F05E5B2}.Release|iPhoneSimulator.Build.0 = Release|iPhoneSimulator
		{006EE28C-166D-4AA0-B92A-6F9F0F05E5B2}.Release|iPhoneSimulator.Deploy.0 = Release|iPhoneSimulator
		{C7373431-380D-4D7D-B9EC-9BDF7FF31631}.Debug|Any CPU.ActiveCfg = Debug|Any CPU
		{C7373431-380D-4D7D-B9EC-9BDF7FF31631}.Debug|Any CPU.Build.0 = Debug|Any CPU
		{C7373431-380D-4D7D-B9EC-9BDF7FF31631}.Debug|Any CPU.Deploy.0 = Debug|Any CPU
		{C7373431-380D-4D7D-B9EC-9BDF7FF31631}.Debug|iPhone.ActiveCfg = Debug|Any CPU
		{C7373431-380D-4D7D-B9EC-9BDF7FF31631}.Debug|iPhone.Build.0 = Debug|Any CPU
		{C7373431-380D-4D7D-B9EC-9BDF7FF31631}.Debug|iPhone.Deploy.0 = Debug|Any CPU
		{C7373431-380D-4D7D-B9EC-9BDF7FF31631}.Debug|iPhoneSimulator.ActiveCfg = Debug|Any CPU
		{C7373431-380D-4D7D-B9EC-9BDF7FF31631}.Debug|iPhoneSimulator.Build.0 = Debug|Any CPU
		{C7373431-380D-4D7D-B9EC-9BDF7FF31631}.Debug|iPhoneSimulator.Deploy.0 = Debug|Any CPU
		{C7373431-380D-4D7D-B9EC-9BDF7FF31631}.Release|Any CPU.ActiveCfg = Release|Any CPU
		{C7373431-380D-4D7D-B9EC-9BDF7FF31631}.Release|Any CPU.Build.0 = Release|Any CPU
		{C7373431-380D-4D7D-B9EC-9BDF7FF31631}.Release|Any CPU.Deploy.0 = Release|Any CPU
		{C7373431-380D-4D7D-B9EC-9BDF7FF31631}.Release|iPhone.ActiveCfg = Release|Any CPU
		{C7373431-380D-4D7D-B9EC-9BDF7FF31631}.Release|iPhone.Build.0 = Release|Any CPU
		{C7373431-380D-4D7D-B9EC-9BDF7FF31631}.Release|iPhone.Deploy.0 = Release|Any CPU
		{C7373431-380D-4D7D-B9EC-9BDF7FF31631}.Release|iPhoneSimulator.ActiveCfg = Release|Any CPU
		{C7373431-380D-4D7D-B9EC-9BDF7FF31631}.Release|iPhoneSimulator.Build.0 = Release|Any CPU
		{C7373431-380D-4D7D-B9EC-9BDF7FF31631}.Release|iPhoneSimulator.Deploy.0 = Release|Any CPU
	EndGlobalSection
	GlobalSection(SolutionProperties) = preSolution
		HideSolutionNode = FALSE
	EndGlobalSection
	GlobalSection(ExtensibilityGlobals) = postSolution
		SolutionGuid = {30CC5B6F-7BB7-44A7-8A35-A2124D7E1D5F}
	EndGlobalSection
EndGlobal
